{
  "name": "bot",
  "version": "1.0.0",
  "lockfileVersion": 1,
  "requires": true,
  "dependencies": {
    "abort-controller": {
      "version": "3.0.0",
      "resolved": "https://artifactory.coxautoinc.com/artifactory/api/npm/dri-npm/abort-controller/-/abort-controller-3.0.0.tgz",
      "integrity": "sha1-6vVNU7YrrkE46AnKIlyEOabvs5I=",
      "requires": {
        "event-target-shim": "^5.0.0"
      }
    },
    "axios": {
      "version": "0.26.1",
      "resolved": "https://artifactory.coxautoinc.com/artifactory/api/npm/dri-npm/axios/-/axios-0.26.1.tgz",
      "integrity": "sha1-Ht5BxR/PUbu9b9Q2acqqTwSVqqk=",
      "requires": {
        "follow-redirects": "^1.14.8"
      }
    },
    "buffer-alloc": {
      "version": "1.2.0",
      "resolved": "https://artifactory.coxautoinc.com/artifactory/api/npm/dri-npm/buffer-alloc/-/buffer-alloc-1.2.0.tgz",
      "integrity": "sha1-iQ3ZDZI6hz4I4Q5f1RpX5bfM4Ow=",
      "requires": {
        "buffer-alloc-unsafe": "^1.1.0",
        "buffer-fill": "^1.0.0"
      }
    },
    "buffer-alloc-unsafe": {
      "version": "1.1.0",
      "resolved": "https://artifactory.coxautoinc.com/artifactory/api/npm/dri-npm/buffer-alloc-unsafe/-/buffer-alloc-unsafe-1.1.0.tgz",
      "integrity": "sha1-vX3CauKXLQ7aJTvgYdupkjScGfA="
    },
    "buffer-fill": {
      "version": "1.0.0",
      "resolved": "https://artifactory.coxautoinc.com/artifactory/api/npm/dri-npm/buffer-fill/-/buffer-fill-1.0.0.tgz",
      "integrity": "sha1-+PeLdniYiO858gXNY39o5wISKyw="
    },
    "dotenv": {
      "version": "16.0.0",
      "resolved": "https://artifactory.coxautoinc.com/artifactory/api/npm/dri-npm/dotenv/-/dotenv-16.0.0.tgz",
      "integrity": "sha1-xhkAElO+ieu2ONAntgnHXCbkdBE="
    },
    "event-target-shim": {
      "version": "5.0.1",
      "resolved": "https://artifactory.coxautoinc.com/artifactory/api/npm/dri-npm/event-target-shim/-/event-target-shim-5.0.1.tgz",
      "integrity": "sha1-XU0+vflYPWOlMzzi3rdICrKwV4k="
    },
    "follow-redirects": {
      "version": "1.14.9",
      "resolved": "https://artifactory.coxautoinc.com/artifactory/api/npm/dri-npm/follow-redirects/-/follow-redirects-1.14.9.tgz",
      "integrity": "sha1-3U6hV957+vnqmz+9haoWlR942Nc="
    },
    "minimist": {
      "version": "1.2.6",
      "resolved": "https://artifactory.coxautoinc.com/artifactory/api/npm/dri-npm/minimist/-/minimist-1.2.6.tgz",
      "integrity": "sha1-hjelt1nqDW6YcCz7OpKDMjyTr0Q="
    },
    "module-alias": {
      "version": "2.2.2",
      "resolved": "https://artifactory.coxautoinc.com/artifactory/api/npm/dri-npm/module-alias/-/module-alias-2.2.2.tgz",
      "integrity": "sha1-FRzc7MJOJXOf8KpuUeHFcWl0wOA="
    },
    "node-fetch": {
      "version": "2.6.7",
      "resolved": "https://artifactory.coxautoinc.com/artifactory/api/npm/dri-npm/node-fetch/-/node-fetch-2.6.7.tgz",
      "integrity": "sha1-JN6fuoJ+O0rkTciyAlajeRYAUq0=",
      "requires": {
        "whatwg-url": "^5.0.0"
      }
    },
    "p-timeout": {
      "version": "4.1.0",
      "resolved": "https://artifactory.coxautoinc.com/artifactory/api/npm/dri-npm/p-timeout/-/p-timeout-4.1.0.tgz",
      "integrity": "sha1-eIJTwEUqsP/s8Ypi3/lP8b0Jygo="
    },
    "safe-compare": {
      "version": "1.1.4",
      "resolved": "https://artifactory.coxautoinc.com/artifactory/api/npm/dri-npm/safe-compare/-/safe-compare-1.1.4.tgz",
      "integrity": "sha1-XgEoU4qCgg4uklDNeORdpnhrpZM=",
      "requires": {
        "buffer-alloc": "^1.2.0"
      }
    },
    "sandwich-stream": {
      "version": "2.0.2",
      "resolved": "https://artifactory.coxautoinc.com/artifactory/api/npm/dri-npm/sandwich-stream/-/sandwich-stream-2.0.2.tgz",
      "integrity": "sha1-bR/rbPfp/p+ttBUTRZpywuhAAPo="
    },
    "telegraf": {
      "version": "4.7.0",
      "resolved": "https://artifactory.coxautoinc.com/artifactory/api/npm/dri-npm/telegraf/-/telegraf-4.7.0.tgz",
      "integrity": "sha1-buio+YkApnRy8cqTXAq6Po+knwU=",
      "requires": {
        "abort-controller": "^3.0.0",
        "debug": "^4.3.3",
        "minimist": "^1.2.5",
        "module-alias": "^2.2.2",
        "node-fetch": "^2.6.7",
        "p-timeout": "^4.1.0",
        "safe-compare": "^1.1.4",
        "sandwich-stream": "^2.0.2",
        "typegram": "^3.8.0"
      },
      "dependencies": {
        "debug": {
          "version": "4.3.4",
          "resolved": "https://artifactory.coxautoinc.com/artifactory/api/npm/dri-npm/debug/-/debug-4.3.4.tgz",
          "integrity": "sha1-Exn2V5NX8jONMzfSzdSRS7XcyGU=",
          "requires": {
            "ms": "2.1.2"
          }
        },
        "ms": {
          "version": "2.1.2",
          "resolved": "https://artifactory.coxautoinc.com/artifactory/api/npm/dri-npm/ms/-/ms-2.1.2.tgz",
          "integrity": "sha1-0J0fNXtEP0kzgqjrPM0YOHKuYAk="
        }
      }
    },
    "tr46": {
      "version": "0.0.3",
      "resolved": "https://artifactory.coxautoinc.com/artifactory/api/npm/dri-npm/tr46/-/tr46-0.0.3.tgz",
      "integrity": "sha1-gYT9NH2snNwYWZLzpmIuFLnZq2o="
    },
    "typegram": {
      "version": "3.8.0",
      "resolved": "https://artifactory.coxautoinc.com/artifactory/api/npm/dri-npm/typegram/-/typegram-3.8.0.tgz",
      "integrity": "sha1-bwnh89J7tGWdz24pRgNVBYTHs5w="
    },
    "webidl-conversions": {
      "version": "3.0.1",
      "resolved": "https://artifactory.coxautoinc.com/artifactory/api/npm/dri-npm/webidl-conversions/-/webidl-conversions-3.0.1.tgz",
      "integrity": "sha1-JFNCdeKnvGvnvIZhHMFq4KVlSHE="
    },
    "whatwg-url": {
      "version": "5.0.0",
      "resolved": "https://artifactory.coxautoinc.com/artifactory/api/npm/dri-npm/whatwg-url/-/whatwg-url-5.0.0.tgz",
      "integrity": "sha1-lmRU6HZUYuN2RNNib2dCzotwll0=",
      "requires": {
        "tr46": "~0.0.3",
        "webidl-conversions": "^3.0.0"
      }
    }
  }
}
